
Microsoft Visual Studio Solution File, Format Version 12.00
# Visual Studio Version 17
VisualStudioVersion = 17.5.33627.172
MinimumVisualStudioVersion = 10.0.40219.1
Project("{FAE04EC0-301F-11D3-BF4B-00C04F79EFBC}") = "LeetCode", "LeetCode.csproj", "{52E56EE3-826F-420A-9389-FCA1E33019D5}"
EndProject
Global
	GlobalSection(SolutionConfigurationPlatforms) = preSolution
		Debug|Any CPU = Debug|Any CPU
		Release|Any CPU = Release|Any CPU
	EndGlobalSection
	GlobalSection(ProjectConfigurationPlatforms) = postSolution
		{52E56EE3-826F-420A-9389-FCA1E33019D5}.Debug|Any CPU.ActiveCfg = Debug|Any CPU
		{52E56EE3-826F-420A-9389-FCA1E33019D5}.Debug|Any CPU.Build.0 = Debug|Any CPU
		{52E56EE3-826F-420A-9389-FCA1E33019D5}.Release|Any CPU.ActiveCfg = Release|Any CPU
		{52E56EE3-826F-420A-9389-FCA1E33019D5}.Release|Any CPU.Build.0 = Release|Any CPU
	EndGlobalSection
	GlobalSection(SolutionProperties) = preSolution
		HideSolutionNode = FALSE
	EndGlobalSection
	GlobalSection(ExtensibilityGlobals) = postSolution
		SolutionGuid = {4C24F97F-9836-4A58-919A-5A136C85EBED}
	EndGlobalSection
EndGlobal
